
Microsoft Visual Studio Solution File, Format Version 12.00
# Visual Studio Version 17
VisualStudioVersion = 17.9.34728.123
MinimumVisualStudioVersion = 10.0.40219.1
Project("{FAE04EC0-301F-11D3-BF4B-00C04F79EFBC}") = "NoiDungThucHanh(Bai1&Bai2)", "NoiDungThucHanh(Bai1&Bai2)\NoiDungThucHanh(Bai1&Bai2).csproj", "{65D6851E-7E1C-49E1-AD79-05C48992DC6B}"
EndProject
Global
	GlobalSection(SolutionConfigurationPlatforms) = preSolution
		Debug|Any CPU = Debug|Any CPU
		Release|Any CPU = Release|Any CPU
	EndGlobalSection
	GlobalSection(ProjectConfigurationPlatforms) = postSolution
		{65D6851E-7E1C-49E1-AD79-05C48992DC6B}.Debug|Any CPU.ActiveCfg = Debug|Any CPU
		{65D6851E-7E1C-49E1-AD79-05C48992DC6B}.Debug|Any CPU.Build.0 = Debug|Any CPU
		{65D6851E-7E1C-49E1-AD79-05C48992DC6B}.Release|Any CPU.ActiveCfg = Release|Any CPU
		{65D6851E-7E1C-49E1-AD79-05C48992DC6B}.Release|Any CPU.Build.0 = Release|Any CPU
	EndGlobalSection
	GlobalSection(SolutionProperties) = preSolution
		HideSolutionNode = FALSE
	EndGlobalSection
	GlobalSection(ExtensibilityGlobals) = postSolution
		SolutionGuid = {C30082BC-1A7D-441F-A3E7-688A3CEDB6FE}
	EndGlobalSection
EndGlobal
